{
  "name": "guesslang-server",
  "lockfileVersion": 2,
  "requires": true,
  "packages": {
    "": {
      "dependencies": {
        "@vscode/vscode-languagedetection": "^1.0.21",
        "ws": "^8.2.2"
      }
    },
    "node_modules/@vscode/vscode-languagedetection": {
      "version": "1.0.21",
      "resolved": "https://registry.npmjs.org/@vscode/vscode-languagedetection/-/vscode-languagedetection-1.0.21.tgz",
      "integrity": "sha512-zSUH9HYCw5qsCtd7b31yqkpaCU6jhtkKLkvOOA8yTrIRfBSOFb8PPhgmMicD7B/m+t4PwOJXzU1XDtrM9Fd3/g==",
      "bin": {
        "vscode-languagedetection": "cli/index.js"
      }
    },
    "node_modules/ws": {
      "version": "8.2.2",
      "resolved": "https://registry.npmjs.org/ws/-/ws-8.2.2.tgz",
      "integrity": "sha512-Q6B6H2oc8QY3llc3cB8kVmQ6pnJWVQbP7Q5algTcIxx7YEpc0oU4NBVHlztA7Ekzfhw2r0rPducMUiCGWKQRzw==",
      "engines": {
        "node": ">=10.0.0"
      },
      "peerDependencies": {
        "bufferutil": "^4.0.1",
        "utf-8-validate": "^5.0.2"
      },
      "peerDependenciesMeta": {
        "bufferutil": {
          "optional": true
        },
        "utf-8-validate": {
          "optional": true
        }
      }
    }
  },
  "dependencies": {
    "@vscode/vscode-languagedetection": {
      "version": "1.0.21",
      "resolved": "https://registry.npmjs.org/@vscode/vscode-languagedetection/-/vscode-languagedetection-1.0.21.tgz",
      "integrity": "sha512-zSUH9HYCw5qsCtd7b31yqkpaCU6jhtkKLkvOOA8yTrIRfBSOFb8PPhgmMicD7B/m+t4PwOJXzU1XDtrM9Fd3/g=="
    },
    "ws": {
      "version": "8.2.2",
      "resolved": "https://registry.npmjs.org/ws/-/ws-8.2.2.tgz",
      "integrity": "sha512-Q6B6H2oc8QY3llc3cB8kVmQ6pnJWVQbP7Q5algTcIxx7YEpc0oU4NBVHlztA7Ekzfhw2r0rPducMUiCGWKQRzw==",
      "requires": {}
    }
  }
}
